
Microsoft Visual Studio Solution File, Format Version 12.00
# Visual Studio Version 17
VisualStudioVersion = 17.11.35222.181
MinimumVisualStudioVersion = 10.0.40219.1
Project("{FAE04EC0-301F-11D3-BF4B-00C04F79EFBC}") = "NetMentor.DemoEF.CodeFirst.Api", "NetMentor.DemoEF.CodeFirst.Api\NetMentor.DemoEF.CodeFirst.Api.csproj", "{4640C1F8-CE26-4F3C-A269-4BC5C327B646}"
EndProject
Project("{FAE04EC0-301F-11D3-BF4B-00C04F79EFBC}") = "NetMentor.DemoEF.CodeFirst.Data", "NetMentor.DemoEF.CodeFirst.Data\NetMentor.DemoEF.CodeFirst.Data.csproj", "{C414F7C0-1420-4C24-9CF1-46E98EFE11E1}"
EndProject
Global
	GlobalSection(SolutionConfigurationPlatforms) = preSolution
		Debug|Any CPU = Debug|Any CPU
		Release|Any CPU = Release|Any CPU
	EndGlobalSection
	GlobalSection(ProjectConfigurationPlatforms) = postSolution
		{4640C1F8-CE26-4F3C-A269-4BC5C327B646}.Debug|Any CPU.ActiveCfg = Debug|Any CPU
		{4640C1F8-CE26-4F3C-A269-4BC5C327B646}.Debug|Any CPU.Build.0 = Debug|Any CPU
		{4640C1F8-CE26-4F3C-A269-4BC5C327B646}.Release|Any CPU.ActiveCfg = Release|Any CPU
		{4640C1F8-CE26-4F3C-A269-4BC5C327B646}.Release|Any CPU.Build.0 = Release|Any CPU
		{C414F7C0-1420-4C24-9CF1-46E98EFE11E1}.Debug|Any CPU.ActiveCfg = Debug|Any CPU
		{C414F7C0-1420-4C24-9CF1-46E98EFE11E1}.Debug|Any CPU.Build.0 = Debug|Any CPU
		{C414F7C0-1420-4C24-9CF1-46E98EFE11E1}.Release|Any CPU.ActiveCfg = Release|Any CPU
		{C414F7C0-1420-4C24-9CF1-46E98EFE11E1}.Release|Any CPU.Build.0 = Release|Any CPU
	EndGlobalSection
	GlobalSection(SolutionProperties) = preSolution
		HideSolutionNode = FALSE
	EndGlobalSection
	GlobalSection(ExtensibilityGlobals) = postSolution
		SolutionGuid = {5BDBFCB3-705A-4EF3-82A4-86545E00E6B5}
	EndGlobalSection
EndGlobal
